
Microsoft Visual Studio Solution File, Format Version 12.00
# Visual Studio Version 17
VisualStudioVersion = 17.7.34031.279
MinimumVisualStudioVersion = 10.0.40219.1
Project("{FAE04EC0-301F-11D3-BF4B-00C04F79EFBC}") = "Stud", "Stud.csproj", "{E18CC8FB-1A0F-4347-85DD-01252ED2DDBE}"
EndProject
Project("{FAE04EC0-301F-11D3-BF4B-00C04F79EFBC}") = "UnitTestProject1", "UnitTestProject1\UnitTestProject1.csproj", "{36F332B6-8E08-4070-B9E5-1FAC9BD39DBB}"
EndProject
Global
	GlobalSection(SolutionConfigurationPlatforms) = preSolution
		Debug|Any CPU = Debug|Any CPU
		Release|Any CPU = Release|Any CPU
	EndGlobalSection
	GlobalSection(ProjectConfigurationPlatforms) = postSolution
		{E18CC8FB-1A0F-4347-85DD-01252ED2DDBE}.Debug|Any CPU.ActiveCfg = Debug|Any CPU
		{E18CC8FB-1A0F-4347-85DD-01252ED2DDBE}.Debug|Any CPU.Build.0 = Debug|Any CPU
		{E18CC8FB-1A0F-4347-85DD-01252ED2DDBE}.Release|Any CPU.ActiveCfg = Release|Any CPU
		{E18CC8FB-1A0F-4347-85DD-01252ED2DDBE}.Release|Any CPU.Build.0 = Release|Any CPU
		{36F332B6-8E08-4070-B9E5-1FAC9BD39DBB}.Debug|Any CPU.ActiveCfg = Debug|Any CPU
		{36F332B6-8E08-4070-B9E5-1FAC9BD39DBB}.Debug|Any CPU.Build.0 = Debug|Any CPU
		{36F332B6-8E08-4070-B9E5-1FAC9BD39DBB}.Release|Any CPU.ActiveCfg = Release|Any CPU
		{36F332B6-8E08-4070-B9E5-1FAC9BD39DBB}.Release|Any CPU.Build.0 = Release|Any CPU
	EndGlobalSection
	GlobalSection(SolutionProperties) = preSolution
		HideSolutionNode = FALSE
	EndGlobalSection
	GlobalSection(ExtensibilityGlobals) = postSolution
		SolutionGuid = {0AFD1C8F-AE85-408F-A7D3-7102F2FF79D3}
	EndGlobalSection
EndGlobal
